
Microsoft Visual Studio Solution File, Format Version 12.00
# Visual Studio Version 17
VisualStudioVersion = 17.3.32811.315
MinimumVisualStudioVersion = 10.0.40219.1
Project("{FAE04EC0-301F-11D3-BF4B-00C04F79EFBC}") = "GissaMittTal", "GissaMittTal\GissaMittTal.csproj", "{BC52F21E-B8ED-47FE-A297-E5FA683207D8}"
EndProject
Global
	GlobalSection(SolutionConfigurationPlatforms) = preSolution
		Debug|Any CPU = Debug|Any CPU
		Release|Any CPU = Release|Any CPU
	EndGlobalSection
	GlobalSection(ProjectConfigurationPlatforms) = postSolution
		{BC52F21E-B8ED-47FE-A297-E5FA683207D8}.Debug|Any CPU.ActiveCfg = Debug|Any CPU
		{BC52F21E-B8ED-47FE-A297-E5FA683207D8}.Debug|Any CPU.Build.0 = Debug|Any CPU
		{BC52F21E-B8ED-47FE-A297-E5FA683207D8}.Release|Any CPU.ActiveCfg = Release|Any CPU
		{BC52F21E-B8ED-47FE-A297-E5FA683207D8}.Release|Any CPU.Build.0 = Release|Any CPU
	EndGlobalSection
	GlobalSection(SolutionProperties) = preSolution
		HideSolutionNode = FALSE
	EndGlobalSection
	GlobalSection(ExtensibilityGlobals) = postSolution
		SolutionGuid = {F1A50521-C0F3-4214-AD52-CA3421D4E6B4}
	EndGlobalSection
EndGlobal
